{
  "nodes": {
    "nix": {
      "flake": false,
      "locked": {
        "lastModified": 1787831317,
        "narHash": "sha256-+PZxsoS9LiMbcYHf351OGaWS5ZniERkxugIoj3xPkwg=",
        "owner": "NixOS",
        "repo": "nix",
        "rev": "1af5ec080fe6b41e62e13e72bc6c85e1cf9df591",
        "type": "github"
      },
      "original": {
        "owner": "NixOS",
        "ref": "2.34-maintenance",
        "repo": "nix",
        "type": "github"
      }
    },
    "nix-eval-jobs": {
      "flake": false,
      "locked": {
        "lastModified": 1773356729,
        "narHash": "sha256-OFGRoJOYhvZ3Enk5a8vMy0QNcG5ZxyzFhyHMrwKXde8=",
        "owner": "NixOS",
        "repo": "nix-eval-jobs",
        "rev": "65ebf5b7cd453a27af09cf02b1fc57b3568cc4b7",
        "type": "github"
      },
      "original": {
        "owner": "NixOS",
        "ref": "v2.34.1",
        "repo": "nix-eval-jobs",
        "type": "github"
      }
    },
    "nixpkgs": {
      "locked": {
        "lastModified": 1782841183,
        "narHash": "sha256-Ndt/5R7UN4rBdhFR1lxHZZZ42cD6vGlnuxC2VvvsKE4=",
        "owner": "NixOS",
        "repo": "nixpkgs",
        "rev": "c9bfd86ed684d27e63b0ff9ebb18699f84f27a3b",
        "type": "github"
      },
      "original": {
        "owner": "NixOS",
        "ref": "nixos-25.11-small",
        "repo": "nixpkgs",
        "type": "github"
      }
    },
    "root": {
      "inputs": {
        "nix": "nix",
        "nix-eval-jobs": "nix-eval-jobs",
        "nixpkgs": "nixpkgs"
      }
    }
  },
  "root": "root",
  "version": 7
}
