{
  "nodes": {
    "nix": {
      "flake": false,
      "locked": {
        "lastModified": 1772966630,
        "narHash": "sha256-qzVtneydMSjNZXzNbxQG9VvJc490keS9RNlbUCfiQas=",
        "owner": "NixOS",
        "repo": "nix",
        "rev": "26842787496f2293c676fb36db38dacfd63497e0",
        "type": "github"
      },
      "original": {
        "owner": "NixOS",
        "ref": "2.34-maintenance",
        "repo": "nix",
        "type": "github"
      }
    },
    "nix-eval-jobs": {
      "flake": false,
      "locked": {
        "lastModified": 1773307729,
        "narHash": "sha256-4YJe4iJpWKzwuq9f6bBbngJUij9Lf8ZSix82lfVQ3o8=",
        "owner": "amaanq",
        "repo": "nix-eval-jobs",
        "rev": "3acecc655d9b82801fcf2fa0a94ab02c198154ad",
        "type": "github"
      },
      "original": {
        "owner": "amaanq",
        "ref": "2.34-change-ci-fixes",
        "repo": "nix-eval-jobs",
        "type": "github"
      }
    },
    "nixpkgs": {
      "locked": {
        "lastModified": 1768332487,
        "narHash": "sha256-Q0bSMhDIhb/S7r+XRyuPy58kEXa0rmpw5j99ubJzovg=",
        "owner": "NixOS",
        "repo": "nixpkgs",
        "rev": "6b0609442afc4ce51ff1466e7db555c2e2fc28d4",
        "type": "github"
      },
      "original": {
        "owner": "NixOS",
        "ref": "nixos-25.11-small",
        "repo": "nixpkgs",
        "type": "github"
      }
    },
    "root": {
      "inputs": {
        "nix": "nix",
        "nix-eval-jobs": "nix-eval-jobs",
        "nixpkgs": "nixpkgs"
      }
    }
  },
  "root": "root",
  "version": 7
}
